
Microsoft Visual Studio Solution File, Format Version 12.00
# Visual Studio Version 17
VisualStudioVersion = 17.3.32901.215
MinimumVisualStudioVersion = 10.0.40219.1
Project("{FAE04EC0-301F-11D3-BF4B-00C04F79EFBC}") = "eCommerceExample", "eCommerceExample\eCommerceExample.csproj", "{74162E4C-E231-4FD2-995E-4903DC02701A}"
EndProject
Global
	GlobalSection(SolutionConfigurationPlatforms) = preSolution
		Debug|Any CPU = Debug|Any CPU
		Release|Any CPU = Release|Any CPU
	EndGlobalSection
	GlobalSection(ProjectConfigurationPlatforms) = postSolution
		{74162E4C-E231-4FD2-995E-4903DC02701A}.Debug|Any CPU.ActiveCfg = Debug|Any CPU
		{74162E4C-E231-4FD2-995E-4903DC02701A}.Debug|Any CPU.Build.0 = Debug|Any CPU
		{74162E4C-E231-4FD2-995E-4903DC02701A}.Release|Any CPU.ActiveCfg = Release|Any CPU
		{74162E4C-E231-4FD2-995E-4903DC02701A}.Release|Any CPU.Build.0 = Release|Any CPU
	EndGlobalSection
	GlobalSection(SolutionProperties) = preSolution
		HideSolutionNode = FALSE
	EndGlobalSection
	GlobalSection(ExtensibilityGlobals) = postSolution
		SolutionGuid = {7850190D-7056-413B-B63A-FEC7A0BBCC5A}
	EndGlobalSection
EndGlobal
